
Microsoft Visual Studio Solution File, Format Version 12.00
# Visual Studio 14
VisualStudioVersion = 14.0.23107.0
MinimumVisualStudioVersion = 10.0.40219.1
Project("{FAE04EC0-301F-11D3-BF4B-00C04F79EFBC}") = "01.SchoolSystem", "SchoolSystem\01.SchoolSystem.csproj", "{C4580F03-EE2D-42B5-958D-AA4595C3A22C}"
EndProject
Project("{FAE04EC0-301F-11D3-BF4B-00C04F79EFBC}") = "01.SchoolSystem.Tests", "SchoolSystem.Tests\01.SchoolSystem.Tests.csproj", "{E6253ED2-89F9-4C1B-852B-2A046F88428D}"
EndProject
Project("{FAE04EC0-301F-11D3-BF4B-00C04F79EFBC}") = "SchoolSystem.Engine", "SchoolSystem.Engine\SchoolSystem.Engine.csproj", "{7BA61D0A-9C96-4DE2-BC91-B1567CC70BE9}"
EndProject
Global
	GlobalSection(SolutionConfigurationPlatforms) = preSolution
		Debug|Any CPU = Debug|Any CPU
		Release|Any CPU = Release|Any CPU
	EndGlobalSection
	GlobalSection(ProjectConfigurationPlatforms) = postSolution
		{C4580F03-EE2D-42B5-958D-AA4595C3A22C}.Debug|Any CPU.ActiveCfg = Debug|Any CPU
		{C4580F03-EE2D-42B5-958D-AA4595C3A22C}.Debug|Any CPU.Build.0 = Debug|Any CPU
		{C4580F03-EE2D-42B5-958D-AA4595C3A22C}.Release|Any CPU.ActiveCfg = Release|Any CPU
		{C4580F03-EE2D-42B5-958D-AA4595C3A22C}.Release|Any CPU.Build.0 = Release|Any CPU
		{E6253ED2-89F9-4C1B-852B-2A046F88428D}.Debug|Any CPU.ActiveCfg = Debug|Any CPU
		{E6253ED2-89F9-4C1B-852B-2A046F88428D}.Debug|Any CPU.Build.0 = Debug|Any CPU
		{E6253ED2-89F9-4C1B-852B-2A046F88428D}.Release|Any CPU.ActiveCfg = Release|Any CPU
		{E6253ED2-89F9-4C1B-852B-2A046F88428D}.Release|Any CPU.Build.0 = Release|Any CPU
		{7BA61D0A-9C96-4DE2-BC91-B1567CC70BE9}.Debug|Any CPU.ActiveCfg = Debug|Any CPU
		{7BA61D0A-9C96-4DE2-BC91-B1567CC70BE9}.Debug|Any CPU.Build.0 = Debug|Any CPU
		{7BA61D0A-9C96-4DE2-BC91-B1567CC70BE9}.Release|Any CPU.ActiveCfg = Release|Any CPU
		{7BA61D0A-9C96-4DE2-BC91-B1567CC70BE9}.Release|Any CPU.Build.0 = Release|Any CPU
	EndGlobalSection
	GlobalSection(SolutionProperties) = preSolution
		HideSolutionNode = FALSE
	EndGlobalSection
EndGlobal
