
Microsoft Visual Studio Solution File, Format Version 12.00
# Visual Studio 2013
VisualStudioVersion = 12.0.31101.0
MinimumVisualStudioVersion = 10.0.40219.1
Project("{FAE04EC0-301F-11D3-BF4B-00C04F79EFBC}") = "01A.FillTheMatrix", "FillTheMatrix\01A.FillTheMatrix.csproj", "{4390C85E-028D-4681-93E0-30C8AAE82038}"
EndProject
Project("{FAE04EC0-301F-11D3-BF4B-00C04F79EFBC}") = "01B.FillTheMatrix", "02A.FillTheMatrix\01B.FillTheMatrix.csproj", "{CC13C9A3-CC0E-4754-B93B-B46C336CDDA1}"
EndProject
Project("{FAE04EC0-301F-11D3-BF4B-00C04F79EFBC}") = "02.MaximalSum", "MaximalSum\02.MaximalSum.csproj", "{04CFEB00-1AE6-45F9-8D26-764327E529CD}"
EndProject
Project("{FAE04EC0-301F-11D3-BF4B-00C04F79EFBC}") = "04.BinarySearch", "BinarySearch\04.BinarySearch.csproj", "{1101E603-FC80-4D25-9D99-252EF051B8C7}"
EndProject
Project("{FAE04EC0-301F-11D3-BF4B-00C04F79EFBC}") = "05.SortByStringLength", "SortByStringLength\05.SortByStringLength.csproj", "{D35FF823-1DCC-40D0-921F-2C239512E56A}"
EndProject
Global
	GlobalSection(SolutionConfigurationPlatforms) = preSolution
		Debug|Any CPU = Debug|Any CPU
		Release|Any CPU = Release|Any CPU
	EndGlobalSection
	GlobalSection(ProjectConfigurationPlatforms) = postSolution
		{4390C85E-028D-4681-93E0-30C8AAE82038}.Debug|Any CPU.ActiveCfg = Debug|Any CPU
		{4390C85E-028D-4681-93E0-30C8AAE82038}.Debug|Any CPU.Build.0 = Debug|Any CPU
		{4390C85E-028D-4681-93E0-30C8AAE82038}.Release|Any CPU.ActiveCfg = Release|Any CPU
		{4390C85E-028D-4681-93E0-30C8AAE82038}.Release|Any CPU.Build.0 = Release|Any CPU
		{CC13C9A3-CC0E-4754-B93B-B46C336CDDA1}.Debug|Any CPU.ActiveCfg = Debug|Any CPU
		{CC13C9A3-CC0E-4754-B93B-B46C336CDDA1}.Debug|Any CPU.Build.0 = Debug|Any CPU
		{CC13C9A3-CC0E-4754-B93B-B46C336CDDA1}.Release|Any CPU.ActiveCfg = Release|Any CPU
		{CC13C9A3-CC0E-4754-B93B-B46C336CDDA1}.Release|Any CPU.Build.0 = Release|Any CPU
		{04CFEB00-1AE6-45F9-8D26-764327E529CD}.Debug|Any CPU.ActiveCfg = Debug|Any CPU
		{04CFEB00-1AE6-45F9-8D26-764327E529CD}.Debug|Any CPU.Build.0 = Debug|Any CPU
		{04CFEB00-1AE6-45F9-8D26-764327E529CD}.Release|Any CPU.ActiveCfg = Release|Any CPU
		{04CFEB00-1AE6-45F9-8D26-764327E529CD}.Release|Any CPU.Build.0 = Release|Any CPU
		{1101E603-FC80-4D25-9D99-252EF051B8C7}.Debug|Any CPU.ActiveCfg = Debug|Any CPU
		{1101E603-FC80-4D25-9D99-252EF051B8C7}.Debug|Any CPU.Build.0 = Debug|Any CPU
		{1101E603-FC80-4D25-9D99-252EF051B8C7}.Release|Any CPU.ActiveCfg = Release|Any CPU
		{1101E603-FC80-4D25-9D99-252EF051B8C7}.Release|Any CPU.Build.0 = Release|Any CPU
		{D35FF823-1DCC-40D0-921F-2C239512E56A}.Debug|Any CPU.ActiveCfg = Debug|Any CPU
		{D35FF823-1DCC-40D0-921F-2C239512E56A}.Debug|Any CPU.Build.0 = Debug|Any CPU
		{D35FF823-1DCC-40D0-921F-2C239512E56A}.Release|Any CPU.ActiveCfg = Release|Any CPU
		{D35FF823-1DCC-40D0-921F-2C239512E56A}.Release|Any CPU.Build.0 = Release|Any CPU
	EndGlobalSection
	GlobalSection(SolutionProperties) = preSolution
		HideSolutionNode = FALSE
	EndGlobalSection
EndGlobal
