
Microsoft Visual Studio Solution File, Format Version 12.00
# Visual Studio 2013
VisualStudioVersion = 12.0.21005.1
MinimumVisualStudioVersion = 10.0.40219.1
Project("{FAE04EC0-301F-11D3-BF4B-00C04F79EFBC}") = "SurfaceCalculations", "SurfaceCalculations\SurfaceCalculations.csproj", "{CD0D0F31-15E9-42E6-AEF4-AB1062966B16}"
EndProject
Project("{FAE04EC0-301F-11D3-BF4B-00C04F79EFBC}") = "BankSystem", "Bank\BankSystem.csproj", "{CF5F798D-6A6A-4997-A390-039FFF2E04AE}"
EndProject
Project("{FAE04EC0-301F-11D3-BF4B-00C04F79EFBC}") = "CustomException", "CustomException\CustomException.csproj", "{52D1ABEE-E8C2-4D80-9AE8-BA61BB6A24E2}"
EndProject
Global
	GlobalSection(SolutionConfigurationPlatforms) = preSolution
		Debug|Any CPU = Debug|Any CPU
		Release|Any CPU = Release|Any CPU
	EndGlobalSection
	GlobalSection(ProjectConfigurationPlatforms) = postSolution
		{CD0D0F31-15E9-42E6-AEF4-AB1062966B16}.Debug|Any CPU.ActiveCfg = Debug|Any CPU
		{CD0D0F31-15E9-42E6-AEF4-AB1062966B16}.Debug|Any CPU.Build.0 = Debug|Any CPU
		{CD0D0F31-15E9-42E6-AEF4-AB1062966B16}.Release|Any CPU.ActiveCfg = Release|Any CPU
		{CD0D0F31-15E9-42E6-AEF4-AB1062966B16}.Release|Any CPU.Build.0 = Release|Any CPU
		{CF5F798D-6A6A-4997-A390-039FFF2E04AE}.Debug|Any CPU.ActiveCfg = Debug|Any CPU
		{CF5F798D-6A6A-4997-A390-039FFF2E04AE}.Debug|Any CPU.Build.0 = Debug|Any CPU
		{CF5F798D-6A6A-4997-A390-039FFF2E04AE}.Release|Any CPU.ActiveCfg = Release|Any CPU
		{CF5F798D-6A6A-4997-A390-039FFF2E04AE}.Release|Any CPU.Build.0 = Release|Any CPU
		{52D1ABEE-E8C2-4D80-9AE8-BA61BB6A24E2}.Debug|Any CPU.ActiveCfg = Debug|Any CPU
		{52D1ABEE-E8C2-4D80-9AE8-BA61BB6A24E2}.Debug|Any CPU.Build.0 = Debug|Any CPU
		{52D1ABEE-E8C2-4D80-9AE8-BA61BB6A24E2}.Release|Any CPU.ActiveCfg = Release|Any CPU
		{52D1ABEE-E8C2-4D80-9AE8-BA61BB6A24E2}.Release|Any CPU.Build.0 = Release|Any CPU
	EndGlobalSection
	GlobalSection(SolutionProperties) = preSolution
		HideSolutionNode = FALSE
	EndGlobalSection
EndGlobal
